PODS:
  - PDFGenerator (3.1.0)
  - WeScan (1.7.0)

DEPENDENCIES:
  - PDFGenerator (~> 3.1.0)
  - WeScan (~> 1.7.0)

SPEC REPOS:
  trunk:
    - PDFGenerator
    - WeScan

SPEC CHECKSUMS:
  PDFGenerator: 17d6bc525db0a3fcd156fbf00f9d1b8d5cc75d1e
  WeScan: fed582f6c38014d529afb5aa9ffd1bad38fc72b7

PODFILE CHECKSUM: 842ff99012162bc02b6008bb442167efab20087c

COCOAPODS: 1.10.0
